
Microsoft Visual Studio Solution File, Format Version 12.00
# Visual Studio 15
VisualStudioVersion = 15.0.28307.168
MinimumVisualStudioVersion = 10.0.40219.1
Project("{FAE04EC0-301F-11D3-BF4B-00C04F79EFBC}") = "123", "123\123.csproj", "{3E5F5F85-FD51-4608-86BC-E6DC6048B523}"
EndProject
Global
	GlobalSection(SolutionConfigurationPlatforms) = preSolution
		Debug|Any CPU = Debug|Any CPU
		Release|Any CPU = Release|Any CPU
	EndGlobalSection
	GlobalSection(ProjectConfigurationPlatforms) = postSolution
		{3E5F5F85-FD51-4608-86BC-E6DC6048B523}.Debug|Any CPU.ActiveCfg = Debug|Any CPU
		{3E5F5F85-FD51-4608-86BC-E6DC6048B523}.Debug|Any CPU.Build.0 = Debug|Any CPU
		{3E5F5F85-FD51-4608-86BC-E6DC6048B523}.Release|Any CPU.ActiveCfg = Release|Any CPU
		{3E5F5F85-FD51-4608-86BC-E6DC6048B523}.Release|Any CPU.Build.0 = Release|Any CPU
	EndGlobalSection
	GlobalSection(SolutionProperties) = preSolution
		HideSolutionNode = FALSE
	EndGlobalSection
	GlobalSection(ExtensibilityGlobals) = postSolution
		SolutionGuid = {835602CD-7639-4885-BF36-90D2785D8B55}
	EndGlobalSection
EndGlobal
